
Microsoft Visual Studio Solution File, Format Version 12.00
# Visual Studio Version 17
VisualStudioVersion = 17.0.31717.71
MinimumVisualStudioVersion = 10.0.40219.1
Project("{9A19103F-16F7-4668-BE54-9A1E7A4F7556}") = "Microsoft.Extensions.Logging.Structured", "Microsoft.Extensions.Logging.Structured\Microsoft.Extensions.Logging.Structured.csproj", "{E317E8DB-BD57-4A6F-B3A8-6BF1E6EA444B}"
EndProject
Project("{9A19103F-16F7-4668-BE54-9A1E7A4F7556}") = "Microsoft.Extensions.Logging.Structured.Kafka", "Microsoft.Extensions.Logging.Structured.Kafka\Microsoft.Extensions.Logging.Structured.Kafka.csproj", "{D2DF8499-0154-4E64-8A2D-A61EA7ED84A1}"
EndProject
Project("{2150E333-8FDC-42A3-9474-1A3956D46DE8}") = "Solution Items", "Solution Items", "{6E4EA700-4D0B-44EF-80B0-51B1C663294A}"
	ProjectSection(SolutionItems) = preProject
		.editorconfig = .editorconfig
		Directory.Build.props = Directory.Build.props
		README.md = README.md
	EndProjectSection
EndProject
Project("{9A19103F-16F7-4668-BE54-9A1E7A4F7556}") = "Microsoft.Extensions.Logging.Structured.Tests", "Microsoft.Extensions.Logging.Structured.Tests\Microsoft.Extensions.Logging.Structured.Tests.csproj", "{1E1EC539-3666-4806-BE81-1A6803C10970}"
EndProject
Project("{2150E333-8FDC-42A3-9474-1A3956D46DE8}") = "examples", "examples", "{B2BD06E3-F8F0-40DC-8634-E5803CBE1FD3}"
EndProject
Project("{9A19103F-16F7-4668-BE54-9A1E7A4F7556}") = "MySqlDemo", "MySqlDemo\MySqlDemo.csproj", "{E43CCE72-67FC-45D9-BDEC-CA5B87868D63}"
EndProject
Project("{9A19103F-16F7-4668-BE54-9A1E7A4F7556}") = "Microsoft.Extensions.Logging.Structured.Console", "Microsoft.Extensions.Logging.Structured.Console\Microsoft.Extensions.Logging.Structured.Console.csproj", "{95D17A94-85BB-458B-880C-99289F3EAD6E}"
EndProject
Project("{FAE04EC0-301F-11D3-BF4B-00C04F79EFBC}") = "Microsoft.Extensions.Logging.Structured.Sls", "Microsoft.Extensions.Logging.Structured.Sls\Microsoft.Extensions.Logging.Structured.Sls.csproj", "{B065467D-78AF-4916-924C-14007BDADC8D}"
EndProject
Global
	GlobalSection(SolutionConfigurationPlatforms) = preSolution
		Debug|Any CPU = Debug|Any CPU
		Release|Any CPU = Release|Any CPU
	EndGlobalSection
	GlobalSection(ProjectConfigurationPlatforms) = postSolution
		{E317E8DB-BD57-4A6F-B3A8-6BF1E6EA444B}.Debug|Any CPU.ActiveCfg = Debug|Any CPU
		{E317E8DB-BD57-4A6F-B3A8-6BF1E6EA444B}.Debug|Any CPU.Build.0 = Debug|Any CPU
		{E317E8DB-BD57-4A6F-B3A8-6BF1E6EA444B}.Release|Any CPU.ActiveCfg = Release|Any CPU
		{E317E8DB-BD57-4A6F-B3A8-6BF1E6EA444B}.Release|Any CPU.Build.0 = Release|Any CPU
		{D2DF8499-0154-4E64-8A2D-A61EA7ED84A1}.Debug|Any CPU.ActiveCfg = Debug|Any CPU
		{D2DF8499-0154-4E64-8A2D-A61EA7ED84A1}.Debug|Any CPU.Build.0 = Debug|Any CPU
		{D2DF8499-0154-4E64-8A2D-A61EA7ED84A1}.Release|Any CPU.ActiveCfg = Release|Any CPU
		{D2DF8499-0154-4E64-8A2D-A61EA7ED84A1}.Release|Any CPU.Build.0 = Release|Any CPU
		{1E1EC539-3666-4806-BE81-1A6803C10970}.Debug|Any CPU.ActiveCfg = Debug|Any CPU
		{1E1EC539-3666-4806-BE81-1A6803C10970}.Debug|Any CPU.Build.0 = Debug|Any CPU
		{1E1EC539-3666-4806-BE81-1A6803C10970}.Release|Any CPU.ActiveCfg = Release|Any CPU
		{1E1EC539-3666-4806-BE81-1A6803C10970}.Release|Any CPU.Build.0 = Release|Any CPU
		{E43CCE72-67FC-45D9-BDEC-CA5B87868D63}.Debug|Any CPU.ActiveCfg = Debug|Any CPU
		{E43CCE72-67FC-45D9-BDEC-CA5B87868D63}.Debug|Any CPU.Build.0 = Debug|Any CPU
		{E43CCE72-67FC-45D9-BDEC-CA5B87868D63}.Release|Any CPU.ActiveCfg = Release|Any CPU
		{E43CCE72-67FC-45D9-BDEC-CA5B87868D63}.Release|Any CPU.Build.0 = Release|Any CPU
		{95D17A94-85BB-458B-880C-99289F3EAD6E}.Debug|Any CPU.ActiveCfg = Debug|Any CPU
		{95D17A94-85BB-458B-880C-99289F3EAD6E}.Debug|Any CPU.Build.0 = Debug|Any CPU
		{95D17A94-85BB-458B-880C-99289F3EAD6E}.Release|Any CPU.ActiveCfg = Release|Any CPU
		{95D17A94-85BB-458B-880C-99289F3EAD6E}.Release|Any CPU.Build.0 = Release|Any CPU
		{B065467D-78AF-4916-924C-14007BDADC8D}.Debug|Any CPU.ActiveCfg = Debug|Any CPU
		{B065467D-78AF-4916-924C-14007BDADC8D}.Debug|Any CPU.Build.0 = Debug|Any CPU
		{B065467D-78AF-4916-924C-14007BDADC8D}.Release|Any CPU.ActiveCfg = Release|Any CPU
		{B065467D-78AF-4916-924C-14007BDADC8D}.Release|Any CPU.Build.0 = Release|Any CPU
	EndGlobalSection
	GlobalSection(SolutionProperties) = preSolution
		HideSolutionNode = FALSE
	EndGlobalSection
	GlobalSection(NestedProjects) = preSolution
		{E43CCE72-67FC-45D9-BDEC-CA5B87868D63} = {B2BD06E3-F8F0-40DC-8634-E5803CBE1FD3}
	EndGlobalSection
	GlobalSection(ExtensibilityGlobals) = postSolution
		SolutionGuid = {D204C1BA-151A-40C0-96AF-979BD04336EF}
	EndGlobalSection
EndGlobal
